
Microsoft Visual Studio Solution File, Format Version 12.00
# Visual Studio Version 17
VisualStudioVersion = 17.10.35027.167
MinimumVisualStudioVersion = 10.0.40219.1
Project("{9A19103F-16F7-4668-BE54-9A1E7A4F7556}") = "scripting-engine", "scripting-engine\scripting-engine.csproj", "{0D22EE4D-564B-4340-A395-BA9D14508BA7}"
EndProject
Project("{FAE04EC0-301F-11D3-BF4B-00C04F79EFBC}") = "scripting-service", "scripting-service\scripting-service.csproj", "{33C19844-64FC-4C81-B8CB-C7FBC568C400}"
EndProject
Project("{2150E333-8FDC-42A3-9474-1A3956D46DE8}") = "Solution items", "Solution items", "{2691D486-8CCF-410B-B6D1-1A319E7B0723}"
	ProjectSection(SolutionItems) = preProject
		.gitignore = .gitignore
		LICENSE = LICENSE
		README.md = README.md
	EndProjectSection
EndProject
Project("{2150E333-8FDC-42A3-9474-1A3956D46DE8}") = "Scripts", "Scripts", "{7275E6E1-9839-435A-ACB3-B57EADDDD64F}"
	ProjectSection(SolutionItems) = preProject
		script_console_basic.txt = script_console_basic.txt
		script_message_box.txt = script_message_box.txt
	EndProjectSection
EndProject
Project("{888888A0-9F3D-457C-B088-3A5042F75D52}") = "scripting-iron-python", "scripting-iron-python\scripting-iron-python.pyproj", "{0965E487-AA38-4022-9C02-7B93521AD933}"
EndProject
Global
	GlobalSection(SolutionConfigurationPlatforms) = preSolution
		Debug|Any CPU = Debug|Any CPU
		Release|Any CPU = Release|Any CPU
	EndGlobalSection
	GlobalSection(ProjectConfigurationPlatforms) = postSolution
		{0D22EE4D-564B-4340-A395-BA9D14508BA7}.Debug|Any CPU.ActiveCfg = Debug|Any CPU
		{0D22EE4D-564B-4340-A395-BA9D14508BA7}.Debug|Any CPU.Build.0 = Debug|Any CPU
		{0D22EE4D-564B-4340-A395-BA9D14508BA7}.Release|Any CPU.ActiveCfg = Release|Any CPU
		{0D22EE4D-564B-4340-A395-BA9D14508BA7}.Release|Any CPU.Build.0 = Release|Any CPU
		{33C19844-64FC-4C81-B8CB-C7FBC568C400}.Debug|Any CPU.ActiveCfg = Debug|Any CPU
		{33C19844-64FC-4C81-B8CB-C7FBC568C400}.Debug|Any CPU.Build.0 = Debug|Any CPU
		{33C19844-64FC-4C81-B8CB-C7FBC568C400}.Release|Any CPU.ActiveCfg = Release|Any CPU
		{33C19844-64FC-4C81-B8CB-C7FBC568C400}.Release|Any CPU.Build.0 = Release|Any CPU
		{0965E487-AA38-4022-9C02-7B93521AD933}.Debug|Any CPU.ActiveCfg = Debug|Any CPU
		{0965E487-AA38-4022-9C02-7B93521AD933}.Release|Any CPU.ActiveCfg = Release|Any CPU
	EndGlobalSection
	GlobalSection(SolutionProperties) = preSolution
		HideSolutionNode = FALSE
	EndGlobalSection
	GlobalSection(ExtensibilityGlobals) = postSolution
		SolutionGuid = {B04F71F7-7DF8-4F61-A656-8C5D67CA12DC}
	EndGlobalSection
EndGlobal
